
Microsoft Visual Studio Solution File, Format Version 12.00
# Visual Studio Version 17
VisualStudioVersion = 17.10.35122.118
MinimumVisualStudioVersion = 10.0.40219.1
Project("{FAE04EC0-301F-11D3-BF4B-00C04F79EFBC}") = "FishariesIndexes", "FishariesIndexes.csproj", "{F5A65B57-010E-46AC-B741-E3C8816124FE}"
EndProject
Project("{FAE04EC0-301F-11D3-BF4B-00C04F79EFBC}") = "MSTestFishariesIndexes", "..\MSTestFishariesIndexes\MSTestFishariesIndexes.csproj", "{C12E020E-4ABD-46D2-97CB-EE8334B92C73}"
EndProject
Global
	GlobalSection(SolutionConfigurationPlatforms) = preSolution
		Debug|Any CPU = Debug|Any CPU
		Release|Any CPU = Release|Any CPU
	EndGlobalSection
	GlobalSection(ProjectConfigurationPlatforms) = postSolution
		{F5A65B57-010E-46AC-B741-E3C8816124FE}.Debug|Any CPU.ActiveCfg = Debug|Any CPU
		{F5A65B57-010E-46AC-B741-E3C8816124FE}.Debug|Any CPU.Build.0 = Debug|Any CPU
		{F5A65B57-010E-46AC-B741-E3C8816124FE}.Release|Any CPU.ActiveCfg = Release|Any CPU
		{F5A65B57-010E-46AC-B741-E3C8816124FE}.Release|Any CPU.Build.0 = Release|Any CPU
		{C12E020E-4ABD-46D2-97CB-EE8334B92C73}.Debug|Any CPU.ActiveCfg = Debug|Any CPU
		{C12E020E-4ABD-46D2-97CB-EE8334B92C73}.Debug|Any CPU.Build.0 = Debug|Any CPU
		{C12E020E-4ABD-46D2-97CB-EE8334B92C73}.Release|Any CPU.ActiveCfg = Release|Any CPU
		{C12E020E-4ABD-46D2-97CB-EE8334B92C73}.Release|Any CPU.Build.0 = Release|Any CPU
	EndGlobalSection
	GlobalSection(SolutionProperties) = preSolution
		HideSolutionNode = FALSE
	EndGlobalSection
	GlobalSection(ExtensibilityGlobals) = postSolution
		SolutionGuid = {0A87B5F0-AFF4-4C11-9B15-407D30200DD6}
	EndGlobalSection
EndGlobal
